
Microsoft Visual Studio Solution File, Format Version 12.00
# Visual Studio Version 17
VisualStudioVersion = 17.14.36202.13 d17.14
MinimumVisualStudioVersion = 10.0.40219.1
Project("{FAE04EC0-301F-11D3-BF4B-00C04F79EFBC}") = "WotrModDragonSubdomain", "WotrModDragonSubdomain\WotrModDragonSubdomain.csproj", "{0A014A63-2EC8-4522-87F7-40BE08E54D9C}"
EndProject
Global
	GlobalSection(SolutionConfigurationPlatforms) = preSolution
		Debug|Any CPU = Debug|Any CPU
		Release|Any CPU = Release|Any CPU
	EndGlobalSection
	GlobalSection(ProjectConfigurationPlatforms) = postSolution
		{0A014A63-2EC8-4522-87F7-40BE08E54D9C}.Debug|Any CPU.ActiveCfg = Debug|Any CPU
		{0A014A63-2EC8-4522-87F7-40BE08E54D9C}.Debug|Any CPU.Build.0 = Debug|Any CPU
		{0A014A63-2EC8-4522-87F7-40BE08E54D9C}.Release|Any CPU.ActiveCfg = Release|Any CPU
		{0A014A63-2EC8-4522-87F7-40BE08E54D9C}.Release|Any CPU.Build.0 = Release|Any CPU
	EndGlobalSection
	GlobalSection(SolutionProperties) = preSolution
		HideSolutionNode = FALSE
	EndGlobalSection
	GlobalSection(ExtensibilityGlobals) = postSolution
		SolutionGuid = {C54B3A5D-DD0F-4F6D-B581-9F223CA2F832}
	EndGlobalSection
EndGlobal
